
Microsoft Visual Studio Solution File, Format Version 12.00
# Visual Studio 15
VisualStudioVersion = 15.0.26228.9
MinimumVisualStudioVersion = 10.0.40219.1
Project("{FAE04EC0-301F-11D3-BF4B-00C04F79EFBC}") = "Models", "Models\Models.csproj", "{C7696B51-F04C-4CD9-8A39-E5CD8B8EA475}"
EndProject
Project("{FAE04EC0-301F-11D3-BF4B-00C04F79EFBC}") = "Views", "Views\Views.csproj", "{A0387F94-8C0B-48A7-9971-12BB0E4C467A}"
EndProject
Project("{FAE04EC0-301F-11D3-BF4B-00C04F79EFBC}") = "Helpers", "Helpers\Helpers.csproj", "{099A1B21-9E0D-49F3-AB51-F0573DAEC404}"
EndProject
Project("{FAE04EC0-301F-11D3-BF4B-00C04F79EFBC}") = "Circuit.Console", "ConsoleApp1\Circuit.Console.csproj", "{529522E0-DC84-429F-88BC-1761E5F4D8F6}"
EndProject
Project("{FAE04EC0-301F-11D3-BF4B-00C04F79EFBC}") = "Circuit", "Circuit.cs\Circuit.csproj", "{F6397FE4-D9FA-4E0F-B0B2-167CDCA51B45}"
EndProject
Global
	GlobalSection(SolutionConfigurationPlatforms) = preSolution
		Debug|Any CPU = Debug|Any CPU
		Release|Any CPU = Release|Any CPU
	EndGlobalSection
	GlobalSection(ProjectConfigurationPlatforms) = postSolution
		{C7696B51-F04C-4CD9-8A39-E5CD8B8EA475}.Debug|Any CPU.ActiveCfg = Debug|Any CPU
		{C7696B51-F04C-4CD9-8A39-E5CD8B8EA475}.Debug|Any CPU.Build.0 = Debug|Any CPU
		{C7696B51-F04C-4CD9-8A39-E5CD8B8EA475}.Release|Any CPU.ActiveCfg = Release|Any CPU
		{C7696B51-F04C-4CD9-8A39-E5CD8B8EA475}.Release|Any CPU.Build.0 = Release|Any CPU
		{A0387F94-8C0B-48A7-9971-12BB0E4C467A}.Debug|Any CPU.ActiveCfg = Debug|Any CPU
		{A0387F94-8C0B-48A7-9971-12BB0E4C467A}.Debug|Any CPU.Build.0 = Debug|Any CPU
		{A0387F94-8C0B-48A7-9971-12BB0E4C467A}.Release|Any CPU.ActiveCfg = Release|Any CPU
		{A0387F94-8C0B-48A7-9971-12BB0E4C467A}.Release|Any CPU.Build.0 = Release|Any CPU
		{099A1B21-9E0D-49F3-AB51-F0573DAEC404}.Debug|Any CPU.ActiveCfg = Debug|Any CPU
		{099A1B21-9E0D-49F3-AB51-F0573DAEC404}.Debug|Any CPU.Build.0 = Debug|Any CPU
		{099A1B21-9E0D-49F3-AB51-F0573DAEC404}.Release|Any CPU.ActiveCfg = Release|Any CPU
		{099A1B21-9E0D-49F3-AB51-F0573DAEC404}.Release|Any CPU.Build.0 = Release|Any CPU
		{529522E0-DC84-429F-88BC-1761E5F4D8F6}.Debug|Any CPU.ActiveCfg = Debug|Any CPU
		{529522E0-DC84-429F-88BC-1761E5F4D8F6}.Debug|Any CPU.Build.0 = Debug|Any CPU
		{529522E0-DC84-429F-88BC-1761E5F4D8F6}.Release|Any CPU.ActiveCfg = Release|Any CPU
		{529522E0-DC84-429F-88BC-1761E5F4D8F6}.Release|Any CPU.Build.0 = Release|Any CPU
		{F6397FE4-D9FA-4E0F-B0B2-167CDCA51B45}.Debug|Any CPU.ActiveCfg = Debug|Any CPU
		{F6397FE4-D9FA-4E0F-B0B2-167CDCA51B45}.Debug|Any CPU.Build.0 = Debug|Any CPU
		{F6397FE4-D9FA-4E0F-B0B2-167CDCA51B45}.Release|Any CPU.ActiveCfg = Release|Any CPU
		{F6397FE4-D9FA-4E0F-B0B2-167CDCA51B45}.Release|Any CPU.Build.0 = Release|Any CPU
	EndGlobalSection
	GlobalSection(SolutionProperties) = preSolution
		HideSolutionNode = FALSE
	EndGlobalSection
EndGlobal
