
Microsoft Visual Studio Solution File, Format Version 12.00
# Visual Studio 15
VisualStudioVersion = 15.0.26430.12
MinimumVisualStudioVersion = 10.0.40219.1
Project("{FAE04EC0-301F-11D3-BF4B-00C04F79EFBC}") = "Models", "Models\Models.csproj", "{C7696B51-F04C-4CD9-8A39-E5CD8B8EA475}"
EndProject
Project("{FAE04EC0-301F-11D3-BF4B-00C04F79EFBC}") = "Views", "Views\Views.csproj", "{A0387F94-8C0B-48A7-9971-12BB0E4C467A}"
EndProject
Project("{FAE04EC0-301F-11D3-BF4B-00C04F79EFBC}") = "Helpers", "Helpers\Helpers.csproj", "{099A1B21-9E0D-49F3-AB51-F0573DAEC404}"
EndProject
Project("{FAE04EC0-301F-11D3-BF4B-00C04F79EFBC}") = "Circuit.Console", "ConsoleApp1\Circuit.Console.csproj", "{529522E0-DC84-429F-88BC-1761E5F4D8F6}"
EndProject
Project("{FAE04EC0-301F-11D3-BF4B-00C04F79EFBC}") = "Circuit", "Circuit.cs\Circuit.csproj", "{F6397FE4-D9FA-4E0F-B0B2-167CDCA51B45}"
EndProject
Project("{FAE04EC0-301F-11D3-BF4B-00C04F79EFBC}") = "Datatypes", "Datatypes\Datatypes.csproj", "{C5F50C3D-7938-4311-AA88-9FD9F6747BC4}"
EndProject
Project("{FAE04EC0-301F-11D3-BF4B-00C04F79EFBC}") = "Models.Tests", "Tests\Models.Tests.csproj", "{7D18C24D-371D-48EA-B825-1FB4A5A3FBBD}"
EndProject
Project("{FAE04EC0-301F-11D3-BF4B-00C04F79EFBC}") = "Datatypes.Tests", "Datatypes.Tests\Datatypes.Tests.csproj", "{27DF7C15-78B0-491C-8D1B-55661DE1D3C0}"
EndProject
Project("{2150E333-8FDC-42A3-9474-1A3956D46DE8}") = "Model", "Model", "{DCBE5525-6DC3-4024-A1FD-1CD11F1875B3}"
EndProject
Project("{2150E333-8FDC-42A3-9474-1A3956D46DE8}") = "Datatype", "Datatype", "{7F0884D3-6DB1-4DF9-83C3-BD33071201F0}"
EndProject
Global
	GlobalSection(SolutionConfigurationPlatforms) = preSolution
		Debug|Any CPU = Debug|Any CPU
		Release|Any CPU = Release|Any CPU
	EndGlobalSection
	GlobalSection(ProjectConfigurationPlatforms) = postSolution
		{C7696B51-F04C-4CD9-8A39-E5CD8B8EA475}.Debug|Any CPU.ActiveCfg = Debug|Any CPU
		{C7696B51-F04C-4CD9-8A39-E5CD8B8EA475}.Debug|Any CPU.Build.0 = Debug|Any CPU
		{C7696B51-F04C-4CD9-8A39-E5CD8B8EA475}.Release|Any CPU.ActiveCfg = Release|Any CPU
		{C7696B51-F04C-4CD9-8A39-E5CD8B8EA475}.Release|Any CPU.Build.0 = Release|Any CPU
		{A0387F94-8C0B-48A7-9971-12BB0E4C467A}.Debug|Any CPU.ActiveCfg = Debug|Any CPU
		{A0387F94-8C0B-48A7-9971-12BB0E4C467A}.Debug|Any CPU.Build.0 = Debug|Any CPU
		{A0387F94-8C0B-48A7-9971-12BB0E4C467A}.Release|Any CPU.ActiveCfg = Release|Any CPU
		{A0387F94-8C0B-48A7-9971-12BB0E4C467A}.Release|Any CPU.Build.0 = Release|Any CPU
		{099A1B21-9E0D-49F3-AB51-F0573DAEC404}.Debug|Any CPU.ActiveCfg = Debug|Any CPU
		{099A1B21-9E0D-49F3-AB51-F0573DAEC404}.Debug|Any CPU.Build.0 = Debug|Any CPU
		{099A1B21-9E0D-49F3-AB51-F0573DAEC404}.Release|Any CPU.ActiveCfg = Release|Any CPU
		{099A1B21-9E0D-49F3-AB51-F0573DAEC404}.Release|Any CPU.Build.0 = Release|Any CPU
		{529522E0-DC84-429F-88BC-1761E5F4D8F6}.Debug|Any CPU.ActiveCfg = Debug|Any CPU
		{529522E0-DC84-429F-88BC-1761E5F4D8F6}.Debug|Any CPU.Build.0 = Debug|Any CPU
		{529522E0-DC84-429F-88BC-1761E5F4D8F6}.Release|Any CPU.ActiveCfg = Release|Any CPU
		{529522E0-DC84-429F-88BC-1761E5F4D8F6}.Release|Any CPU.Build.0 = Release|Any CPU
		{F6397FE4-D9FA-4E0F-B0B2-167CDCA51B45}.Debug|Any CPU.ActiveCfg = Debug|Any CPU
		{F6397FE4-D9FA-4E0F-B0B2-167CDCA51B45}.Debug|Any CPU.Build.0 = Debug|Any CPU
		{F6397FE4-D9FA-4E0F-B0B2-167CDCA51B45}.Release|Any CPU.ActiveCfg = Release|Any CPU
		{F6397FE4-D9FA-4E0F-B0B2-167CDCA51B45}.Release|Any CPU.Build.0 = Release|Any CPU
		{C5F50C3D-7938-4311-AA88-9FD9F6747BC4}.Debug|Any CPU.ActiveCfg = Debug|Any CPU
		{C5F50C3D-7938-4311-AA88-9FD9F6747BC4}.Debug|Any CPU.Build.0 = Debug|Any CPU
		{C5F50C3D-7938-4311-AA88-9FD9F6747BC4}.Release|Any CPU.ActiveCfg = Release|Any CPU
		{C5F50C3D-7938-4311-AA88-9FD9F6747BC4}.Release|Any CPU.Build.0 = Release|Any CPU
		{7D18C24D-371D-48EA-B825-1FB4A5A3FBBD}.Debug|Any CPU.ActiveCfg = Debug|Any CPU
		{7D18C24D-371D-48EA-B825-1FB4A5A3FBBD}.Debug|Any CPU.Build.0 = Debug|Any CPU
		{7D18C24D-371D-48EA-B825-1FB4A5A3FBBD}.Release|Any CPU.ActiveCfg = Release|Any CPU
		{7D18C24D-371D-48EA-B825-1FB4A5A3FBBD}.Release|Any CPU.Build.0 = Release|Any CPU
		{27DF7C15-78B0-491C-8D1B-55661DE1D3C0}.Debug|Any CPU.ActiveCfg = Debug|Any CPU
		{27DF7C15-78B0-491C-8D1B-55661DE1D3C0}.Debug|Any CPU.Build.0 = Debug|Any CPU
		{27DF7C15-78B0-491C-8D1B-55661DE1D3C0}.Release|Any CPU.ActiveCfg = Release|Any CPU
		{27DF7C15-78B0-491C-8D1B-55661DE1D3C0}.Release|Any CPU.Build.0 = Release|Any CPU
	EndGlobalSection
	GlobalSection(SolutionProperties) = preSolution
		HideSolutionNode = FALSE
	EndGlobalSection
	GlobalSection(NestedProjects) = preSolution
		{C7696B51-F04C-4CD9-8A39-E5CD8B8EA475} = {DCBE5525-6DC3-4024-A1FD-1CD11F1875B3}
		{C5F50C3D-7938-4311-AA88-9FD9F6747BC4} = {7F0884D3-6DB1-4DF9-83C3-BD33071201F0}
		{7D18C24D-371D-48EA-B825-1FB4A5A3FBBD} = {DCBE5525-6DC3-4024-A1FD-1CD11F1875B3}
		{27DF7C15-78B0-491C-8D1B-55661DE1D3C0} = {7F0884D3-6DB1-4DF9-83C3-BD33071201F0}
	EndGlobalSection
EndGlobal
